{
  "name": "EER - 副本",
  "lockfileVersion": 3,
  "requires": true,
  "packages": {
    "": {
      "dependencies": {
        "bwip-js": "^4.9.0"
      }
    },
    "node_modules/bwip-js": {
      "version": "4.9.0",
      "resolved": "https://registry.npmjs.org/bwip-js/-/bwip-js-4.9.0.tgz",
      "integrity": "sha512-U3aWIxR/Px4m3GPd0opQ5GQJq/G8Cj0cr5z5hrcvy/SAApPnfkLqBqjRuB3GiEAasEQup3m7k/MDM/uiS9te8Q==",
      "license": "MIT",
      "bin": {
        "bwip-js": "bin/bwip-js.js"
      }
    }
  }
}
